{
  "nodes": {
    "brew-src": {
      "flake": false,
      "locked": {
        "lastModified": 1785146564,
        "narHash": "sha256-Sa7/HrfB04H32OJ7/ofxXjiZEbkWtCNOriONYYTL1OA=",
        "owner": "Homebrew",
        "repo": "brew",
        "rev": "b2cfc03346d482f79886de108fee5dc49a6efc10",
        "type": "github"
      },
      "original": {
        "owner": "Homebrew",
        "ref": "6.0.13",
        "repo": "brew",
        "type": "github"
      }
    },
    "home-manager": {
      "inputs": {
        "nixpkgs": [
          "nixpkgs"
        ]
      },
      "locked": {
        "lastModified": 1785531816,
        "narHash": "sha256-vkMnV0JIyw+g/NmcfoajlGaAO+9a0ezia+FZohQJrik=",
        "owner": "nix-community",
        "repo": "home-manager",
        "rev": "bf9ce9fec78f95f374e8dd3b503863a3ec128ebe",
        "type": "github"
      },
      "original": {
        "owner": "nix-community",
        "repo": "home-manager",
        "type": "github"
      }
    },
    "homebrew-cask": {
      "flake": false,
      "locked": {
        "lastModified": 1785572996,
        "narHash": "sha256-uY6h49nc6GTcqc9jHAm+NFZrhAJX5CbXgJyO6lyFMfs=",
        "owner": "homebrew",
        "repo": "homebrew-cask",
        "rev": "9203bd0167703e5323f31f850fa62f7fdb22e9f3",
        "type": "github"
      },
      "original": {
        "owner": "homebrew",
        "repo": "homebrew-cask",
        "type": "github"
      }
    },
    "homebrew-core": {
      "flake": false,
      "locked": {
        "lastModified": 1785571569,
        "narHash": "sha256-MCo4Au2h9RVcVwVSYIZONs2FEA4fYLHh+AlxNxJr/gQ=",
        "owner": "homebrew",
        "repo": "homebrew-core",
        "rev": "59e08b2a4e5590a01916f0a0aa56d128fcecbd7b",
        "type": "github"
      },
      "original": {
        "owner": "homebrew",
        "repo": "homebrew-core",
        "type": "github"
      }
    },
    "nix-darwin": {
      "inputs": {
        "nixpkgs": [
          "nixpkgs"
        ]
      },
      "locked": {
        "lastModified": 1785389976,
        "narHash": "sha256-0tLW8Ff5yt8AH97jw4ZpFJ0OCJ122zIlgWGDmOfU/VU=",
        "owner": "nix-darwin",
        "repo": "nix-darwin",
        "rev": "15abb8c98f336cd8bd840d71059adebabe60bf04",
        "type": "github"
      },
      "original": {
        "owner": "nix-darwin",
        "ref": "master",
        "repo": "nix-darwin",
        "type": "github"
      }
    },
    "nix-homebrew": {
      "inputs": {
        "brew-src": "brew-src"
      },
      "locked": {
        "lastModified": 1785544760,
        "narHash": "sha256-qV6OoNuly4ntqpCg7esIeJjUboxSnQNlLPxz+y5h9/o=",
        "owner": "zhaofengli",
        "repo": "nix-homebrew",
        "rev": "937ce52c7d046310571f3a070713804ead496843",
        "type": "github"
      },
      "original": {
        "owner": "zhaofengli",
        "repo": "nix-homebrew",
        "type": "github"
      }
    },
    "nixpkgs": {
      "locked": {
        "lastModified": 1785483748,
        "narHash": "sha256-M4HXpLsR7iFTNQfD/q+zK8/QeRYztYVDVIdIgCVGGZ0=",
        "owner": "NixOS",
        "repo": "nixpkgs",
        "rev": "59ea0b1c043c463e39fcb3cfb9a5c8bcf0777c72",
        "type": "github"
      },
      "original": {
        "owner": "NixOS",
        "ref": "nixpkgs-unstable",
        "repo": "nixpkgs",
        "type": "github"
      }
    },
    "root": {
      "inputs": {
        "home-manager": "home-manager",
        "homebrew-cask": "homebrew-cask",
        "homebrew-core": "homebrew-core",
        "nix-darwin": "nix-darwin",
        "nix-homebrew": "nix-homebrew",
        "nixpkgs": "nixpkgs"
      }
    }
  },
  "root": "root",
  "version": 7
}
